
Microsoft Visual Studio Solution File, Format Version 12.00
# Visual Studio Version 17
VisualStudioVersion = 17.5.33424.131
MinimumVisualStudioVersion = 10.0.40219.1
Project("{FAE04EC0-301F-11D3-BF4B-00C04F79EFBC}") = "WindowsService", "WindowsService\WindowsService.csproj", "{880DF161-10A2-4252-A9F1-95A5E0AA9F77}"
EndProject
Global
	GlobalSection(SolutionConfigurationPlatforms) = preSolution
		Debug|Any CPU = Debug|Any CPU
		Release|Any CPU = Release|Any CPU
	EndGlobalSection
	GlobalSection(ProjectConfigurationPlatforms) = postSolution
		{880DF161-10A2-4252-A9F1-95A5E0AA9F77}.Debug|Any CPU.ActiveCfg = Debug|Any CPU
		{880DF161-10A2-4252-A9F1-95A5E0AA9F77}.Debug|Any CPU.Build.0 = Debug|Any CPU
		{880DF161-10A2-4252-A9F1-95A5E0AA9F77}.Release|Any CPU.ActiveCfg = Release|Any CPU
		{880DF161-10A2-4252-A9F1-95A5E0AA9F77}.Release|Any CPU.Build.0 = Release|Any CPU
	EndGlobalSection
	GlobalSection(SolutionProperties) = preSolution
		HideSolutionNode = FALSE
	EndGlobalSection
	GlobalSection(ExtensibilityGlobals) = postSolution
		SolutionGuid = {66C18D20-4852-4AE9-9CF6-F5E3C2812104}
	EndGlobalSection
EndGlobal
